
Microsoft Visual Studio Solution File, Format Version 12.00
# Visual Studio Version 16
VisualStudioVersion = 16.0.30611.23
MinimumVisualStudioVersion = 10.0.40219.1
Project("{FAE04EC0-301F-11D3-BF4B-00C04F79EFBC}") = "homeTask6", "homeTask6\homeTask6.csproj", "{306429AE-9942-4E0F-A9EE-8AA85235BC99}"
EndProject
Global
	GlobalSection(SolutionConfigurationPlatforms) = preSolution
		Debug|Any CPU = Debug|Any CPU
		Release|Any CPU = Release|Any CPU
	EndGlobalSection
	GlobalSection(ProjectConfigurationPlatforms) = postSolution
		{306429AE-9942-4E0F-A9EE-8AA85235BC99}.Debug|Any CPU.ActiveCfg = Debug|Any CPU
		{306429AE-9942-4E0F-A9EE-8AA85235BC99}.Debug|Any CPU.Build.0 = Debug|Any CPU
		{306429AE-9942-4E0F-A9EE-8AA85235BC99}.Release|Any CPU.ActiveCfg = Release|Any CPU
		{306429AE-9942-4E0F-A9EE-8AA85235BC99}.Release|Any CPU.Build.0 = Release|Any CPU
	EndGlobalSection
	GlobalSection(SolutionProperties) = preSolution
		HideSolutionNode = FALSE
	EndGlobalSection
	GlobalSection(ExtensibilityGlobals) = postSolution
		SolutionGuid = {4FF6880B-506A-4D44-8440-58D6D9586862}
	EndGlobalSection
EndGlobal
